// !$*UTF8*$!
{
	archiveVersion = 1;
	classes = {
	};
	objectVersion = 46;
	objects = {

/* Begin PBXBuildFile section */
		36AC80421C46CA8B00041A53 /* main.m in Sources */ = {isa = PBXBuildFile; fileRef = 36AC80411C46CA8B00041A53 /* main.m */; };
		36AC80451C46CA8B00041A53 /* AppDelegate.m in Sources */ = {isa = PBXBuildFile; fileRef = 36AC80441C46CA8B00041A53 /* AppDelegate.m */; };
		36AC80481C46CA8B00041A53 /* ViewController.m in Sources */ = {isa = PBXBuildFile; fileRef = 36AC80471C46CA8B00041A53 /* ViewController.m */; };
		36AC804B1C46CA8B00041A53 /* Main.storyboard in Resources */ = {isa = PBXBuildFile; fileRef = 36AC80491C46CA8B00041A53 /* Main.storyboard */; };
		36AC804D1C46CA8B00041A53 /* Images.xcassets in Resources */ = {isa = PBXBuildFile; fileRef = 36AC804C1C46CA8B00041A53 /* Images.xcassets */; };
		36AC80501C46CA8B00041A53 /* LaunchScreen.xib in Resources */ = {isa = PBXBuildFile; fileRef = 36AC804E1C46CA8B00041A53 /* LaunchScreen.xib */; };
		36AC805C1C46CA8B00041A53 /* PalindromeTests.m in Sources */ = {isa = PBXBuildFile; fileRef = 36AC805B1C46CA8B00041A53 /* PalindromeTests.m */; };
/* End PBXBuildFile section */

/* Begin PBXContainerItemProxy section */
		36AC80561C46CA8B00041A53 /* PBXContainerItemProxy */ = {
			isa = PBXContainerItemProxy;
			containerPortal = 36AC80341C46CA8B00041A53 /* Project object */;
			proxyType = 1;
			remoteGlobalIDString = 36AC803B1C46CA8B00041A53;
			remoteInfo = Palindrome;
		};
/* End PBXContainerItemProxy section */

/* Begin PBXFileReference section */
		36AC803C1C46CA8B00041A53 /* Palindrome.app */ = {isa = PBXFileReference; explicitFileType = wrapper.application; includeInIndex = 0; path = Palindrome.app; sourceTree = BUILT_PRODUCTS_DIR; };
		36AC80401C46CA8B00041A53 /* Info.plist */ = {isa = PBXFileReference; lastKnownFileType = text.plist.xml; path = Info.plist; sourceTree = "<group>"; };
		36AC80411C46CA8B00041A53 /* main.m */ = {isa = PBXFileReference; lastKnownFileType = sourcecode.c.objc; path = main.m; sourceTree = "<group>"; };
		36AC80431C46CA8B00041A53 /* AppDelegate.h */ = {isa = PBXFileReference; lastKnownFileType = sourcecode.c.h; path = AppDelegate.h; sourceTree = "<group>"; };
		36AC80441C46CA8B00041A53 /* AppDelegate.m */ = {isa = PBXFileReference; lastKnownFileType = sourcecode.c.objc; path = AppDelegate.m; sourceTree = "<group>"; };
		36AC80461C46CA8B00041A53 /* ViewController.h */ = {isa = PBXFileReference; lastKnownFileType = sourcecode.c.h; path = ViewController.h; sourceTree = "<group>"; };
		36AC80471C46CA8B00041A53 /* ViewController.m */ = {isa = PBXFileReference; lastKnownFileType = sourcecode.c.objc; path = ViewController.m; sourceTree = "<group>"; };
		36AC804A1C46CA8B00041A53 /* Base */ = {isa = PBXFileReference; lastKnownFileType = file.storyboard; name = Base; path = Base.lproj/Main.storyboard; sourceTree = "<group>"; };
		36AC804C1C46CA8B00041A53 /* Images.xcassets */ = {isa = PBXFileReference; lastKnownFileType = folder.assetcatalog; path = Images.xcassets; sourceTree = "<group>"; };
		36AC804F1C46CA8B00041A53 /* Base */ = {isa = PBXFileReference; lastKnownFileType = file.xib; name = Base; path = Base.lproj/LaunchScreen.xib; sourceTree = "<group>"; };
		36AC80551C46CA8B00041A53 /* PalindromeTests.xctest */ = {isa = PBXFileReference; explicitFileType = wrapper.cfbundle; includeInIndex = 0; path = PalindromeTests.xctest; sourceTree = BUILT_PRODUCTS_DIR; };
		36AC805A1C46CA8B00041A53 /* Info.plist */ = {isa = PBXFileReference; lastKnownFileType = text.plist.xml; path = Info.plist; sourceTree = "<group>"; };
		36AC805B1C46CA8B00041A53 /* PalindromeTests.m */ = {isa = PBXFileReference; lastKnownFileType = sourcecode.c.objc; path = PalindromeTests.m; sourceTree = "<group>"; };
/* End PBXFileReference section */

/* Begin PBXFrameworksBuildPhase section */
		36AC80391C46CA8B00041A53 /* Frameworks */ = {
			isa = PBXFrameworksBuildPhase;
			buildActionMask = 2147483647;
			files = (
			);
			runOnlyForDeploymentPostprocessing = 0;
		};
		36AC80521C46CA8B00041A53 /* Frameworks */ = {
			isa = PBXFrameworksBuildPhase;
			buildActionMask = 2147483647;
			files = (
			);
			runOnlyForDeploymentPostprocessing = 0;
		};
/* End PBXFrameworksBuildPhase section */

/* Begin PBXGroup section */
		36AC80331C46CA8B00041A53 = {
			isa = PBXGroup;
			children = (
				36AC803E1C46CA8B00041A53 /* Palindrome */,
				36AC80581C46CA8B00041A53 /* PalindromeTests */,
				36AC803D1C46CA8B00041A53 /* Products */,
			);
			sourceTree = "<group>";
		};
		36AC803D1C46CA8B00041A53 /* Products */ = {
			isa = PBXGroup;
			children = (
				36AC803C1C46CA8B00041A53 /* Palindrome.app */,
				36AC80551C46CA8B00041A53 /* PalindromeTests.xctest */,
			);
			name = Products;
			sourceTree = "<group>";
		};
		36AC803E1C46CA8B00041A53 /* Palindrome */ = {
			isa = PBXGroup;
			children = (
				36AC80431C46CA8B00041A53 /* AppDelegate.h */,
				36AC80441C46CA8B00041A53 /* AppDelegate.m */,
				36AC80461C46CA8B00041A53 /* ViewController.h */,
				36AC80471C46CA8B00041A53 /* ViewController.m */,
				36AC80491C46CA8B00041A53 /* Main.storyboard */,
				36AC804C1C46CA8B00041A53 /* Images.xcassets */,
				36AC804E1C46CA8B00041A53 /* LaunchScreen.xib */,
				36AC803F1C46CA8B00041A53 /* Supporting Files */,
			);
			path = Palindrome;
			sourceTree = "<group>";
		};
		36AC803F1C46CA8B00041A53 /* Supporting Files */ = {
			isa = PBXGroup;
			children = (
				36AC80401C46CA8B00041A53 /* Info.plist */,
				36AC80411C46CA8B00041A53 /* main.m */,
			);
			name = "Supporting Files";
			sourceTree = "<group>";
		};
		36AC80581C46CA8B00041A53 /* PalindromeTests */ = {
			isa = PBXGroup;
			children = (
				36AC805B1C46CA8B00041A53 /* PalindromeTests.m */,
				36AC80591C46CA8B00041A53 /* Supporting Files */,
			);
			path = PalindromeTests;
			sourceTree = "<group>";
		};
		36AC80591C46CA8B00041A53 /* Supporting Files */ = {
			isa = PBXGroup;
			children = (
				36AC805A1C46CA8B00041A53 /* Info.plist */,
			);
			name = "Supporting Files";
			sourceTree = "<group>";
		};
/* End PBXGroup section */

/* Begin PBXNativeTarget section */
		36AC803B1C46CA8B00041A53 /* Palindrome */ = {
			isa = PBXNativeTarget;
			buildConfigurationList = 36AC805F1C46CA8B00041A53 /* Build configuration list for PBXNativeTarget "Palindrome" */;
			buildPhases = (
				36AC80381C46CA8B00041A53 /* Sources */,
				36AC80391C46CA8B00041A53 /* Frameworks */,
				36AC803A1C46CA8B00041A53 /* Resources */,
			);
			buildRules = (
			);
			dependencies = (
			);
			name = Palindrome;
			productName = Palindrome;
			productReference = 36AC803C1C46CA8B00041A53 /* Palindrome.app */;
			productType = "com.apple.product-type.application";
		};
		36AC80541C46CA8B00041A53 /* PalindromeTests */ = {
			isa = PBXNativeTarget;
			buildConfigurationList = 36AC80621C46CA8B00041A53 /* Build configuration list for PBXNativeTarget "PalindromeTests" */;
			buildPhases = (
				36AC80511C46CA8B00041A53 /* Sources */,
				36AC80521C46CA8B00041A53 /* Frameworks */,
				36AC80531C46CA8B00041A53 /* Resources */,
			);
			buildRules = (
			);
			dependencies = (
				36AC80571C46CA8B00041A53 /* PBXTargetDependency */,
			);
			name = PalindromeTests;
			productName = PalindromeTests;
			productReference = 36AC80551C46CA8B00041A53 /* PalindromeTests.xctest */;
			productType = "com.apple.product-type.bundle.unit-test";
		};
/* End PBXNativeTarget section */

/* Begin PBXProject section */
		36AC80341C46CA8B00041A53 /* Project object */ = {
			isa = PBXProject;
			attributes = {
				LastUpgradeCheck = 0640;
				ORGANIZATIONNAME = "Susan Salas";
				TargetAttributes = {
					36AC803B1C46CA8B00041A53 = {
						CreatedOnToolsVersion = 6.4;
					};
					36AC80541C46CA8B00041A53 = {
						CreatedOnToolsVersion = 6.4;
						TestTargetID = 36AC803B1C46CA8B00041A53;
					};
				};
			};
			buildConfigurationList = 36AC80371C46CA8B00041A53 /* Build configuration list for PBXProject "Palindrome" */;
			compatibilityVersion = "Xcode 3.2";
			developmentRegion = English;
			hasScannedForEncodings = 0;
			knownRegions = (
				en,
				Base,
			);
			mainGroup = 36AC80331C46CA8B00041A53;
			productRefGroup = 36AC803D1C46CA8B00041A53 /* Products */;
			projectDirPath = "";
			projectRoot = "";
			targets = (
				36AC803B1C46CA8B00041A53 /* Palindrome */,
				36AC80541C46CA8B00041A53 /* PalindromeTests */,
			);
		};
/* End PBXProject section */

/* Begin PBXResourcesBuildPhase section */
		36AC803A1C46CA8B00041A53 /* Resources */ = {
			isa = PBXResourcesBuildPhase;
			buildActionMask = 2147483647;
			files = (
				36AC804B1C46CA8B00041A53 /* Main.storyboard in Resources */,
				36AC80501C46CA8B00041A53 /* LaunchScreen.xib in Resources */,
				36AC804D1C46CA8B00041A53 /* Images.xcassets in Resources */,
			);
			runOnlyForDeploymentPostprocessing = 0;
		};
		36AC80531C46CA8B00041A53 /* Resources */ = {
			isa = PBXResourcesBuildPhase;
			buildActionMask = 2147483647;
			files = (
			);
			runOnlyForDeploymentPostprocessing = 0;
		};
/* End PBXResourcesBuildPhase section */

/* Begin PBXSourcesBuildPhase section */
		36AC80381C46CA8B00041A53 /* Sources */ = {
			isa = PBXSourcesBuildPhase;
			buildActionMask = 2147483647;
			files = (
				36AC80481C46CA8B00041A53 /* ViewController.m in Sources */,
				36AC80451C46CA8B00041A53 /* AppDelegate.m in Sources */,
				36AC80421C46CA8B00041A53 /* main.m in Sources */,
			);
			runOnlyForDeploymentPostprocessing = 0;
		};
		36AC80511C46CA8B00041A53 /* Sources */ = {
			isa = PBXSourcesBuildPhase;
			buildActionMask = 2147483647;
			files = (
				36AC805C1C46CA8B00041A53 /* PalindromeTests.m in Sources */,
			);
			runOnlyForDeploymentPostprocessing = 0;
		};
/* End PBXSourcesBuildPhase section */

/* Begin PBXTargetDependency section */
		36AC80571C46CA8B00041A53 /* PBXTargetDependency */ = {
			isa = PBXTargetDependency;
			target = 36AC803B1C46CA8B00041A53 /* Palindrome */;
			targetProxy = 36AC80561C46CA8B00041A53 /* PBXContainerItemProxy */;
		};
/* End PBXTargetDependency section */

/* Begin PBXVariantGroup section */
		36AC80491C46CA8B00041A53 /* Main.storyboard */ = {
			isa = PBXVariantGroup;
			children = (
				36AC804A1C46CA8B00041A53 /* Base */,
			);
			name = Main.storyboard;
			sourceTree = "<group>";
		};
		36AC804E1C46CA8B00041A53 /* LaunchScreen.xib */ = {
			isa = PBXVariantGroup;
			children = (
				36AC804F1C46CA8B00041A53 /* Base */,
			);
			name = LaunchScreen.xib;
			sourceTree = "<group>";
		};
/* End PBXVariantGroup section */

/* Begin XCBuildConfiguration section */
		36AC805D1C46CA8B00041A53 /* Debug */ = {
			isa = XCBuildConfiguration;
			buildSettings = {
				ALWAYS_SEARCH_USER_PATHS = NO;
				CLANG_CXX_LANGUAGE_STANDARD = "gnu++0x";
				CLANG_CXX_LIBRARY = "libc++";
				CLANG_ENABLE_MODULES = YES;
				CLANG_ENABLE_OBJC_ARC = YES;
				CLANG_WARN_BOOL_CONVERSION = YES;
				CLANG_WARN_CONSTANT_CONVERSION = YES;
				CLANG_WARN_DIRECT_OBJC_ISA_USAGE = YES_ERROR;
				CLANG_WARN_EMPTY_BODY = YES;
				CLANG_WARN_ENUM_CONVERSION = YES;
				CLANG_WARN_INT_CONVERSION = YES;
				CLANG_WARN_OBJC_ROOT_CLASS = YES_ERROR;
				CLANG_WARN_UNREACHABLE_CODE = YES;
				CLANG_WARN__DUPLICATE_METHOD_MATCH = YES;
				"CODE_SIGN_IDENTITY[sdk=iphoneos*]" = "iPhone Developer";
				COPY_PHASE_STRIP = NO;
				DEBUG_INFORMATION_FORMAT = "dwarf-with-dsym";
				ENABLE_STRICT_OBJC_MSGSEND = YES;
				GCC_C_LANGUAGE_STANDARD = gnu99;
				GCC_DYNAMIC_NO_PIC = NO;
				GCC_NO_COMMON_BLOCKS = YES;
				GCC_OPTIMIZATION_LEVEL = 0;
				GCC_PREPROCESSOR_DEFINITIONS = (
					"DEBUG=1",
					"$(inherited)",
				);
				GCC_SYMBOLS_PRIVATE_EXTERN = NO;
				GCC_WARN_64_TO_32_BIT_CONVERSION = YES;
				GCC_WARN_ABOUT_RETURN_TYPE = YES_ERROR;
				GCC_WARN_UNDECLARED_SELECTOR = YES;
				GCC_WARN_UNINITIALIZED_AUTOS = YES_AGGRESSIVE;
				GCC_WARN_UNUSED_FUNCTION = YES;
				GCC_WARN_UNUSED_VARIABLE = YES;
				IPHONEOS_DEPLOYMENT_TARGET = 8.4;
				MTL_ENABLE_DEBUG_INFO = YES;
				ONLY_ACTIVE_ARCH = YES;
				SDKROOT = iphoneos;
			};
			name = Debug;
		};
		36AC805E1C46CA8B00041A53 /* Release */ = {
			isa = XCBuildConfiguration;
			buildSettings = {
				ALWAYS_SEARCH_USER_PATHS = NO;
				CLANG_CXX_LANGUAGE_STANDARD = "gnu++0x";
				CLANG_CXX_LIBRARY = "libc++";
				CLANG_ENABLE_MODULES = YES;
				CLANG_ENABLE_OBJC_ARC = YES;
				CLANG_WARN_BOOL_CONVERSION = YES;
				CLANG_WARN_CONSTANT_CONVERSION = YES;
				CLANG_WARN_DIRECT_OBJC_ISA_USAGE = YES_ERROR;
				CLANG_WARN_EMPTY_BODY = YES;
				CLANG_WARN_ENUM_CONVERSION = YES;
				CLANG_WARN_INT_CONVERSION = YES;
				CLANG_WARN_OBJC_ROOT_CLASS = YES_ERROR;
				CLANG_WARN_UNREACHABLE_CODE = YES;
				CLANG_WARN__DUPLICATE_METHOD_MATCH = YES;
				"CODE_SIGN_IDENTITY[sdk=iphoneos*]" = "iPhone Developer";
				COPY_PHASE_STRIP = NO;
				DEBUG_INFORMATION_FORMAT = "dwarf-with-dsym";
				ENABLE_NS_ASSERTIONS = NO;
				ENABLE_STRICT_OBJC_MSGSEND = YES;
				GCC_C_LANGUAGE_STANDARD = gnu99;
				GCC_NO_COMMON_BLOCKS = YES;
				GCC_WARN_64_TO_32_BIT_CONVERSION = YES;
				GCC_WARN_ABOUT_RETURN_TYPE = YES_ERROR;
				GCC_WARN_UNDECLARED_SELECTOR = YES;
				GCC_WARN_UNINITIALIZED_AUTOS = YES_AGGRESSIVE;
				GCC_WARN_UNUSED_FUNCTION = YES;
				GCC_WARN_UNUSED_VARIABLE = YES;
				IPHONEOS_DEPLOYMENT_TARGET = 8.4;
				MTL_ENABLE_DEBUG_INFO = NO;
				SDKROOT = iphoneos;
				VALIDATE_PRODUCT = YES;
			};
			name = Release;
		};
		36AC80601C46CA8B00041A53 /* Debug */ = {
			isa = XCBuildConfiguration;
			buildSettings = {
				ASSETCATALOG_COMPILER_APPICON_NAME = AppIcon;
				INFOPLIST_FILE = Palindrome/Info.plist;
				LD_RUNPATH_SEARCH_PATHS = "$(inherited) @executable_path/Frameworks";
				PRODUCT_NAME = "$(TARGET_NAME)";
			};
			name = Debug;
		};
		36AC80611C46CA8B00041A53 /* Release */ = {
			isa = XCBuildConfiguration;
			buildSettings = {
				ASSETCATALOG_COMPILER_APPICON_NAME = AppIcon;
				INFOPLIST_FILE = Palindrome/Info.plist;
				LD_RUNPATH_SEARCH_PATHS = "$(inherited) @executable_path/Frameworks";
				PRODUCT_NAME = "$(TARGET_NAME)";
			};
			name = Release;
		};
		36AC80631C46CA8B00041A53 /* Debug */ = {
			isa = XCBuildConfiguration;
			buildSettings = {
				BUNDLE_LOADER = "$(TEST_HOST)";
				FRAMEWORK_SEARCH_PATHS = (
					"$(SDKROOT)/Developer/Library/Frameworks",
					"$(inherited)",
				);
				GCC_PREPROCESSOR_DEFINITIONS = (
					"DEBUG=1",
					"$(inherited)",
				);
				INFOPLIST_FILE = PalindromeTests/Info.plist;
				LD_RUNPATH_SEARCH_PATHS = "$(inherited) @executable_path/Frameworks @loader_path/Frameworks";
				PRODUCT_NAME = "$(TARGET_NAME)";
				TEST_HOST = "$(BUILT_PRODUCTS_DIR)/Palindrome.app/Palindrome";
			};
			name = Debug;
		};
		36AC80641C46CA8B00041A53 /* Release */ = {
			isa = XCBuildConfiguration;
			buildSettings = {
				BUNDLE_LOADER = "$(TEST_HOST)";
				FRAMEWORK_SEARCH_PATHS = (
					"$(SDKROOT)/Developer/Library/Frameworks",
					"$(inherited)",
				);
				INFOPLIST_FILE = PalindromeTests/Info.plist;
				LD_RUNPATH_SEARCH_PATHS = "$(inherited) @executable_path/Frameworks @loader_path/Frameworks";
				PRODUCT_NAME = "$(TARGET_NAME)";
				TEST_HOST = "$(BUILT_PRODUCTS_DIR)/Palindrome.app/Palindrome";
			};
			name = Release;
		};
/* End XCBuildConfiguration section */

/* Begin XCConfigurationList section */
		36AC80371C46CA8B00041A53 /* Build configuration list for PBXProject "Palindrome" */ = {
			isa = XCConfigurationList;
			buildConfigurations = (
				36AC805D1C46CA8B00041A53 /* Debug */,
				36AC805E1C46CA8B00041A53 /* Release */,
			);
			defaultConfigurationIsVisible = 0;
			defaultConfigurationName = Release;
		};
		36AC805F1C46CA8B00041A53 /* Build configuration list for PBXNativeTarget "Palindrome" */ = {
			isa = XCConfigurationList;
			buildConfigurations = (
				36AC80601C46CA8B00041A53 /* Debug */,
				36AC80611C46CA8B00041A53 /* Release */,
			);
			defaultConfigurationIsVisible = 0;
		};
		36AC80621C46CA8B00041A53 /* Build configuration list for PBXNativeTarget "PalindromeTests" */ = {
			isa = XCConfigurationList;
			buildConfigurations = (
				36AC80631C46CA8B00041A53 /* Debug */,
				36AC80641C46CA8B00041A53 /* Release */,
			);
			defaultConfigurationIsVisible = 0;
		};
/* End XCConfigurationList section */
	};
	rootObject = 36AC80341C46CA8B00041A53 /* Project object */;
}
